
Microsoft Visual Studio Solution File, Format Version 12.00
# Visual Studio Version 16
VisualStudioVersion = 16.0.31624.102
MinimumVisualStudioVersion = 10.0.40219.1
Project("{FAE04EC0-301F-11D3-BF4B-00C04F79EFBC}") = "VentaRepuestos.Consola", "VentaRepuestos.Consola\VentaRepuestos.Consola.csproj", "{C9AC3E22-7422-46FC-B8F7-57DFECF0E37C}"
EndProject
Project("{FAE04EC0-301F-11D3-BF4B-00C04F79EFBC}") = "VentaRepuestos.Libreria", "VentaRepuestos.Libreria\VentaRepuestos.Libreria.csproj", "{FC71D40B-2BEC-4C6F-A76E-1F7FD7F3763B}"
EndProject
Global
	GlobalSection(SolutionConfigurationPlatforms) = preSolution
		Debug|Any CPU = Debug|Any CPU
		Release|Any CPU = Release|Any CPU
	EndGlobalSection
	GlobalSection(ProjectConfigurationPlatforms) = postSolution
		{C9AC3E22-7422-46FC-B8F7-57DFECF0E37C}.Debug|Any CPU.ActiveCfg = Debug|Any CPU
		{C9AC3E22-7422-46FC-B8F7-57DFECF0E37C}.Debug|Any CPU.Build.0 = Debug|Any CPU
		{C9AC3E22-7422-46FC-B8F7-57DFECF0E37C}.Release|Any CPU.ActiveCfg = Release|Any CPU
		{C9AC3E22-7422-46FC-B8F7-57DFECF0E37C}.Release|Any CPU.Build.0 = Release|Any CPU
		{FC71D40B-2BEC-4C6F-A76E-1F7FD7F3763B}.Debug|Any CPU.ActiveCfg = Debug|Any CPU
		{FC71D40B-2BEC-4C6F-A76E-1F7FD7F3763B}.Debug|Any CPU.Build.0 = Debug|Any CPU
		{FC71D40B-2BEC-4C6F-A76E-1F7FD7F3763B}.Release|Any CPU.ActiveCfg = Release|Any CPU
		{FC71D40B-2BEC-4C6F-A76E-1F7FD7F3763B}.Release|Any CPU.Build.0 = Release|Any CPU
	EndGlobalSection
	GlobalSection(SolutionProperties) = preSolution
		HideSolutionNode = FALSE
	EndGlobalSection
	GlobalSection(ExtensibilityGlobals) = postSolution
		SolutionGuid = {D375885B-07F3-4E30-A746-1C8CAB06DEFE}
	EndGlobalSection
EndGlobal
